<Solution>
  <Folder Name="/src/">
    <Project Path="src\Irihi.Mirana\Irihi.Mirana.csproj" Type="C#" />
    <Project Path="src\Irihi.Mirana.Themes.TDesign\Irihi.Mirana.Themes.TDesign.csproj" Type="C#" />
  </Folder>
  <Folder Name="/test/">
    <Project Path="test\Irihi.Mirana.UnitTest\Irihi.Mirana.UnitTest.csproj" Type="C#" />
    <Project Path="test\Irihi.Mirana.HeadlessTest\Irihi.Mirana.HeadlessTest.csproj" Type="C#" />
  </Folder>
  <Folder Name="/demo/">
    <Project Path="demo\Irihi.Mirana.Demo\Irihi.Mirana.Demo.csproj" Type="C#" />
    <Project Path="demo\Irihi.Mirana.Demo.Android\Irihi.Mirana.Demo.Android.csproj" Type="C#" />
    <Project Path="demo\Irihi.Mirana.Demo.Desktop\Irihi.Mirana.Demo.Desktop.csproj" Type="C#" />
    <Project Path="demo\Irihi.Mirana.Demo.Browser\Irihi.Mirana.Demo.Browser.csproj" Type="C#" />
    <Project Path="demo\Irihi.Mirana.Demo.iOS\Irihi.Mirana.Demo.iOS.csproj" Type="C#" />
  </Folder>
  <Folder Name="/benchmark/" />
  <Properties Name="Visual Studio">
    <Property Name="OpenWith" Value="Visual Studio Version 17" />
  </Properties>
</Solution>
