
Microsoft Visual Studio Solution File, Format Version 12.00
Project("{2150E333-8FDC-42A3-9474-1A3956D46DE8}") = "test", "test", "{2C52F323-EB1C-4FC1-85AF-667B04EBFBC2}"
EndProject
Project("{2150E333-8FDC-42A3-9474-1A3956D46DE8}") = "demo", "demo", "{5CF8CD34-BA52-4982-9272-896649ACD884}"
EndProject
Project("{2150E333-8FDC-42A3-9474-1A3956D46DE8}") = "benchmark", "benchmark", "{F15A8294-0D5E-4B7E-8FDF-6E0A7E635B6A}"
EndProject
Project("{2150E333-8FDC-42A3-9474-1A3956D46DE8}") = "src", "src", "{827E0CD3-B72D-47B6-A68D-7590B98EB39B}"
EndProject
Project("{FAE04EC0-301F-11D3-BF4B-00C04F79EFBC}") = "Irihi.Mirana", "src\Irihi.Mirana\Irihi.Mirana.csproj", "{9F087E97-287D-4CB9-B766-1AA71190DFAC}"
EndProject
Project("{FAE04EC0-301F-11D3-BF4B-00C04F79EFBC}") = "Irihi.Mirana.Themes.TDesign", "src\Irihi.Mirana.Themes.TDesign\Irihi.Mirana.Themes.TDesign.csproj", "{B05FF0CD-4807-4BF8-AB0A-66214590E22B}"
EndProject
Project("{FAE04EC0-301F-11D3-BF4B-00C04F79EFBC}") = "Irihi.Mirana.UnitTest", "test\Irihi.Mirana.UnitTest\Irihi.Mirana.UnitTest.csproj", "{A47D9A37-AFA8-41B6-B7B8-B291472375E3}"
EndProject
Project("{FAE04EC0-301F-11D3-BF4B-00C04F79EFBC}") = "Irihi.Mirana.HeadlessTest", "test\Irihi.Mirana.HeadlessTest\Irihi.Mirana.HeadlessTest.csproj", "{938DFE75-A65A-4DE3-90A2-A6EF5887156C}"
EndProject
Project("{FAE04EC0-301F-11D3-BF4B-00C04F79EFBC}") = "Irihi.Mirana.Demo", "demo\Irihi.Mirana.Demo\Irihi.Mirana.Demo.csproj", "{ED5AE533-020F-4731-AFC4-2DCE1D474E67}"
EndProject
Project("{FAE04EC0-301F-11D3-BF4B-00C04F79EFBC}") = "Irihi.Mirana.Demo.Android", "demo\Irihi.Mirana.Demo.Android\Irihi.Mirana.Demo.Android.csproj", "{F3F2D6C2-28F7-4D45-AD75-DF6319F81F7D}"
EndProject
Project("{FAE04EC0-301F-11D3-BF4B-00C04F79EFBC}") = "Irihi.Mirana.Demo.Desktop", "demo\Irihi.Mirana.Demo.Desktop\Irihi.Mirana.Demo.Desktop.csproj", "{13FBD4E7-734E-4868-A64E-08D493F3E07A}"
EndProject
Global
	GlobalSection(SolutionConfigurationPlatforms) = preSolution
		Debug|Any CPU = Debug|Any CPU
		Debug|x64 = Debug|x64
		Debug|x86 = Debug|x86
		Release|Any CPU = Release|Any CPU
		Release|x64 = Release|x64
		Release|x86 = Release|x86
	EndGlobalSection
	GlobalSection(ProjectConfigurationPlatforms) = postSolution
		{9F087E97-287D-4CB9-B766-1AA71190DFAC}.Debug|Any CPU.ActiveCfg = Debug|Any CPU
		{9F087E97-287D-4CB9-B766-1AA71190DFAC}.Debug|Any CPU.Build.0 = Debug|Any CPU
		{9F087E97-287D-4CB9-B766-1AA71190DFAC}.Debug|x64.ActiveCfg = Debug|Any CPU
		{9F087E97-287D-4CB9-B766-1AA71190DFAC}.Debug|x64.Build.0 = Debug|Any CPU
		{9F087E97-287D-4CB9-B766-1AA71190DFAC}.Debug|x86.ActiveCfg = Debug|Any CPU
		{9F087E97-287D-4CB9-B766-1AA71190DFAC}.Debug|x86.Build.0 = Debug|Any CPU
		{9F087E97-287D-4CB9-B766-1AA71190DFAC}.Release|Any CPU.ActiveCfg = Release|Any CPU
		{9F087E97-287D-4CB9-B766-1AA71190DFAC}.Release|Any CPU.Build.0 = Release|Any CPU
		{9F087E97-287D-4CB9-B766-1AA71190DFAC}.Release|x64.ActiveCfg = Release|Any CPU
		{9F087E97-287D-4CB9-B766-1AA71190DFAC}.Release|x64.Build.0 = Release|Any CPU
		{9F087E97-287D-4CB9-B766-1AA71190DFAC}.Release|x86.ActiveCfg = Release|Any CPU
		{9F087E97-287D-4CB9-B766-1AA71190DFAC}.Release|x86.Build.0 = Release|Any CPU
		{B05FF0CD-4807-4BF8-AB0A-66214590E22B}.Debug|Any CPU.ActiveCfg = Debug|Any CPU
		{B05FF0CD-4807-4BF8-AB0A-66214590E22B}.Debug|Any CPU.Build.0 = Debug|Any CPU
		{B05FF0CD-4807-4BF8-AB0A-66214590E22B}.Debug|x64.ActiveCfg = Debug|Any CPU
		{B05FF0CD-4807-4BF8-AB0A-66214590E22B}.Debug|x64.Build.0 = Debug|Any CPU
		{B05FF0CD-4807-4BF8-AB0A-66214590E22B}.Debug|x86.ActiveCfg = Debug|Any CPU
		{B05FF0CD-4807-4BF8-AB0A-66214590E22B}.Debug|x86.Build.0 = Debug|Any CPU
		{B05FF0CD-4807-4BF8-AB0A-66214590E22B}.Release|Any CPU.ActiveCfg = Release|Any CPU
		{B05FF0CD-4807-4BF8-AB0A-66214590E22B}.Release|Any CPU.Build.0 = Release|Any CPU
		{B05FF0CD-4807-4BF8-AB0A-66214590E22B}.Release|x64.ActiveCfg = Release|Any CPU
		{B05FF0CD-4807-4BF8-AB0A-66214590E22B}.Release|x64.Build.0 = Release|Any CPU
		{B05FF0CD-4807-4BF8-AB0A-66214590E22B}.Release|x86.ActiveCfg = Release|Any CPU
		{B05FF0CD-4807-4BF8-AB0A-66214590E22B}.Release|x86.Build.0 = Release|Any CPU
		{A47D9A37-AFA8-41B6-B7B8-B291472375E3}.Debug|Any CPU.ActiveCfg = Debug|Any CPU
		{A47D9A37-AFA8-41B6-B7B8-B291472375E3}.Debug|Any CPU.Build.0 = Debug|Any CPU
		{A47D9A37-AFA8-41B6-B7B8-B291472375E3}.Debug|x64.ActiveCfg = Debug|Any CPU
		{A47D9A37-AFA8-41B6-B7B8-B291472375E3}.Debug|x64.Build.0 = Debug|Any CPU
		{A47D9A37-AFA8-41B6-B7B8-B291472375E3}.Debug|x86.ActiveCfg = Debug|Any CPU
		{A47D9A37-AFA8-41B6-B7B8-B291472375E3}.Debug|x86.Build.0 = Debug|Any CPU
		{A47D9A37-AFA8-41B6-B7B8-B291472375E3}.Release|Any CPU.ActiveCfg = Release|Any CPU
		{A47D9A37-AFA8-41B6-B7B8-B291472375E3}.Release|Any CPU.Build.0 = Release|Any CPU
		{A47D9A37-AFA8-41B6-B7B8-B291472375E3}.Release|x64.ActiveCfg = Release|Any CPU
		{A47D9A37-AFA8-41B6-B7B8-B291472375E3}.Release|x64.Build.0 = Release|Any CPU
		{A47D9A37-AFA8-41B6-B7B8-B291472375E3}.Release|x86.ActiveCfg = Release|Any CPU
		{A47D9A37-AFA8-41B6-B7B8-B291472375E3}.Release|x86.Build.0 = Release|Any CPU
		{938DFE75-A65A-4DE3-90A2-A6EF5887156C}.Debug|Any CPU.ActiveCfg = Debug|Any CPU
		{938DFE75-A65A-4DE3-90A2-A6EF5887156C}.Debug|Any CPU.Build.0 = Debug|Any CPU
		{938DFE75-A65A-4DE3-90A2-A6EF5887156C}.Debug|x64.ActiveCfg = Debug|Any CPU
		{938DFE75-A65A-4DE3-90A2-A6EF5887156C}.Debug|x64.Build.0 = Debug|Any CPU
		{938DFE75-A65A-4DE3-90A2-A6EF5887156C}.Debug|x86.ActiveCfg = Debug|Any CPU
		{938DFE75-A65A-4DE3-90A2-A6EF5887156C}.Debug|x86.Build.0 = Debug|Any CPU
		{938DFE75-A65A-4DE3-90A2-A6EF5887156C}.Release|Any CPU.ActiveCfg = Release|Any CPU
		{938DFE75-A65A-4DE3-90A2-A6EF5887156C}.Release|Any CPU.Build.0 = Release|Any CPU
		{938DFE75-A65A-4DE3-90A2-A6EF5887156C}.Release|x64.ActiveCfg = Release|Any CPU
		{938DFE75-A65A-4DE3-90A2-A6EF5887156C}.Release|x64.Build.0 = Release|Any CPU
		{938DFE75-A65A-4DE3-90A2-A6EF5887156C}.Release|x86.ActiveCfg = Release|Any CPU
		{938DFE75-A65A-4DE3-90A2-A6EF5887156C}.Release|x86.Build.0 = Release|Any CPU
		{ED5AE533-020F-4731-AFC4-2DCE1D474E67}.Debug|Any CPU.ActiveCfg = Debug|Any CPU
		{ED5AE533-020F-4731-AFC4-2DCE1D474E67}.Debug|Any CPU.Build.0 = Debug|Any CPU
		{ED5AE533-020F-4731-AFC4-2DCE1D474E67}.Debug|x64.ActiveCfg = Debug|Any CPU
		{ED5AE533-020F-4731-AFC4-2DCE1D474E67}.Debug|x64.Build.0 = Debug|Any CPU
		{ED5AE533-020F-4731-AFC4-2DCE1D474E67}.Debug|x86.ActiveCfg = Debug|Any CPU
		{ED5AE533-020F-4731-AFC4-2DCE1D474E67}.Debug|x86.Build.0 = Debug|Any CPU
		{ED5AE533-020F-4731-AFC4-2DCE1D474E67}.Release|Any CPU.ActiveCfg = Release|Any CPU
		{ED5AE533-020F-4731-AFC4-2DCE1D474E67}.Release|Any CPU.Build.0 = Release|Any CPU
		{ED5AE533-020F-4731-AFC4-2DCE1D474E67}.Release|x64.ActiveCfg = Release|Any CPU
		{ED5AE533-020F-4731-AFC4-2DCE1D474E67}.Release|x64.Build.0 = Release|Any CPU
		{ED5AE533-020F-4731-AFC4-2DCE1D474E67}.Release|x86.ActiveCfg = Release|Any CPU
		{ED5AE533-020F-4731-AFC4-2DCE1D474E67}.Release|x86.Build.0 = Release|Any CPU
		{F3F2D6C2-28F7-4D45-AD75-DF6319F81F7D}.Debug|Any CPU.ActiveCfg = Debug|Any CPU
		{F3F2D6C2-28F7-4D45-AD75-DF6319F81F7D}.Debug|Any CPU.Build.0 = Debug|Any CPU
		{F3F2D6C2-28F7-4D45-AD75-DF6319F81F7D}.Debug|x64.ActiveCfg = Debug|Any CPU
		{F3F2D6C2-28F7-4D45-AD75-DF6319F81F7D}.Debug|x64.Build.0 = Debug|Any CPU
		{F3F2D6C2-28F7-4D45-AD75-DF6319F81F7D}.Debug|x86.ActiveCfg = Debug|Any CPU
		{F3F2D6C2-28F7-4D45-AD75-DF6319F81F7D}.Debug|x86.Build.0 = Debug|Any CPU
		{F3F2D6C2-28F7-4D45-AD75-DF6319F81F7D}.Release|Any CPU.ActiveCfg = Release|Any CPU
		{F3F2D6C2-28F7-4D45-AD75-DF6319F81F7D}.Release|Any CPU.Build.0 = Release|Any CPU
		{F3F2D6C2-28F7-4D45-AD75-DF6319F81F7D}.Release|x64.ActiveCfg = Release|Any CPU
		{F3F2D6C2-28F7-4D45-AD75-DF6319F81F7D}.Release|x64.Build.0 = Release|Any CPU
		{F3F2D6C2-28F7-4D45-AD75-DF6319F81F7D}.Release|x86.ActiveCfg = Release|Any CPU
		{F3F2D6C2-28F7-4D45-AD75-DF6319F81F7D}.Release|x86.Build.0 = Release|Any CPU
		{13FBD4E7-734E-4868-A64E-08D493F3E07A}.Debug|Any CPU.ActiveCfg = Debug|Any CPU
		{13FBD4E7-734E-4868-A64E-08D493F3E07A}.Debug|Any CPU.Build.0 = Debug|Any CPU
		{13FBD4E7-734E-4868-A64E-08D493F3E07A}.Debug|x64.ActiveCfg = Debug|Any CPU
		{13FBD4E7-734E-4868-A64E-08D493F3E07A}.Debug|x64.Build.0 = Debug|Any CPU
		{13FBD4E7-734E-4868-A64E-08D493F3E07A}.Debug|x86.ActiveCfg = Debug|Any CPU
		{13FBD4E7-734E-4868-A64E-08D493F3E07A}.Debug|x86.Build.0 = Debug|Any CPU
		{13FBD4E7-734E-4868-A64E-08D493F3E07A}.Release|Any CPU.ActiveCfg = Release|Any CPU
		{13FBD4E7-734E-4868-A64E-08D493F3E07A}.Release|Any CPU.Build.0 = Release|Any CPU
		{13FBD4E7-734E-4868-A64E-08D493F3E07A}.Release|x64.ActiveCfg = Release|Any CPU
		{13FBD4E7-734E-4868-A64E-08D493F3E07A}.Release|x64.Build.0 = Release|Any CPU
		{13FBD4E7-734E-4868-A64E-08D493F3E07A}.Release|x86.ActiveCfg = Release|Any CPU
		{13FBD4E7-734E-4868-A64E-08D493F3E07A}.Release|x86.Build.0 = Release|Any CPU
	EndGlobalSection
	GlobalSection(SolutionProperties) = preSolution
		HideSolutionNode = FALSE
	EndGlobalSection
	GlobalSection(NestedProjects) = preSolution
		{9F087E97-287D-4CB9-B766-1AA71190DFAC} = {827E0CD3-B72D-47B6-A68D-7590B98EB39B}
		{B05FF0CD-4807-4BF8-AB0A-66214590E22B} = {827E0CD3-B72D-47B6-A68D-7590B98EB39B}
		{A47D9A37-AFA8-41B6-B7B8-B291472375E3} = {2C52F323-EB1C-4FC1-85AF-667B04EBFBC2}
		{938DFE75-A65A-4DE3-90A2-A6EF5887156C} = {2C52F323-EB1C-4FC1-85AF-667B04EBFBC2}
		{ED5AE533-020F-4731-AFC4-2DCE1D474E67} = {5CF8CD34-BA52-4982-9272-896649ACD884}
		{F3F2D6C2-28F7-4D45-AD75-DF6319F81F7D} = {5CF8CD34-BA52-4982-9272-896649ACD884}
		{13FBD4E7-734E-4868-A64E-08D493F3E07A} = {5CF8CD34-BA52-4982-9272-896649ACD884}
	EndGlobalSection
EndGlobal
